
Microsoft Visual Studio Solution File, Format Version 12.00
# Visual Studio Version 17
VisualStudioVersion = 17.0.31903.59
MinimumVisualStudioVersion = 10.0.40219.1
Project("{FAE04EC0-301F-11D3-BF4B-00C04F79EFBC}") = "ListaTarefas", "ListaTarefas\ListaTarefas.csproj", "{7560DFE1-C439-48E0-AB98-79C423373761}"
EndProject
Project("{FAE04EC0-301F-11D3-BF4B-00C04F79EFBC}") = "ListaTarefas.Tests", "ListaTarefas.Tests\ListaTarefas.Tests.csproj", "{CE5EACC8-F759-4441-8C3C-AFEC8A3C4341}"
EndProject
Global
	GlobalSection(SolutionConfigurationPlatforms) = preSolution
		Debug|Any CPU = Debug|Any CPU
		Release|Any CPU = Release|Any CPU
	EndGlobalSection
	GlobalSection(SolutionProperties) = preSolution
		HideSolutionNode = FALSE
	EndGlobalSection
	GlobalSection(ProjectConfigurationPlatforms) = postSolution
		{7560DFE1-C439-48E0-AB98-79C423373761}.Debug|Any CPU.ActiveCfg = Debug|Any CPU
		{7560DFE1-C439-48E0-AB98-79C423373761}.Debug|Any CPU.Build.0 = Debug|Any CPU
		{7560DFE1-C439-48E0-AB98-79C423373761}.Release|Any CPU.ActiveCfg = Release|Any CPU
		{7560DFE1-C439-48E0-AB98-79C423373761}.Release|Any CPU.Build.0 = Release|Any CPU
		{CE5EACC8-F759-4441-8C3C-AFEC8A3C4341}.Debug|Any CPU.ActiveCfg = Debug|Any CPU
		{CE5EACC8-F759-4441-8C3C-AFEC8A3C4341}.Debug|Any CPU.Build.0 = Debug|Any CPU
		{CE5EACC8-F759-4441-8C3C-AFEC8A3C4341}.Release|Any CPU.ActiveCfg = Release|Any CPU
		{CE5EACC8-F759-4441-8C3C-AFEC8A3C4341}.Release|Any CPU.Build.0 = Release|Any CPU
	EndGlobalSection
EndGlobal
